<?xml version="1.0" encoding="utf-8"?>
<Project ToolsVersion="4.0" xmlns="http://schemas.microsoft.com/developer/msbuild/2003">
  <ItemGroup>
    <ClInclude Include="..\..\include\stDef.h" />
    <ClInclude Include="..\..\include\stMem.h" />
    <ClInclude Include="..\..\include\stString.h" />
    <ClInclude Include="..\..\include\stMemStr.hpp" />
    <ClInclude Include="..\..\include\stGeneralConcept.h" />
    <ClInclude Include="..\..\include\stGenericSupport.h" />
  </ItemGroup>
  <ItemGroup>
    <ClCompile Include="..\..\src\string.cpp" />
  </ItemGroup>
</Project>