<?xml version="1.0" encoding="UTF-8" standalone="yes" ?>
<CodeBlocks_project_file>
	<FileVersion major="1" minor="6" />
	<Project>
		<Option title="stLib" />
		<Option pch_mode="2" />
		<Option compiler="gcc" />
		<Build>
			<Target title="Debug">
				<Option output="../output/libs_d/_stLibx86_d" prefix_auto="1" extension_auto="1" />
				<Option working_dir="" />
				<Option object_output="../output/obj/d" />
				<Option type="2" />
				<Option compiler="gcc" />
				<Compiler>
					<Add option="-g" />
				</Compiler>
			</Target>
			<Target title="Release">
				<Option output="../output/libs/_stLibx86" prefix_auto="1" extension_auto="1" />
				<Option working_dir="" />
				<Option object_output="../output/obj/r" />
				<Option type="2" />
				<Option compiler="gcc" />
				<Compiler>
					<Add option="-O2" />
				</Compiler>
				<Linker>
					<Add option="-s" />
				</Linker>
			</Target>
		</Build>
		<Compiler>
			<Add option="-Wall" />
		</Compiler>
		<Unit filename="src/Enum.h" />
		<Unit filename="src/base/Str.cpp" />
		<Unit filename="src/base/Str.h" />
		<Unit filename="src/base/Stream.cpp" />
		<Unit filename="src/base/Stream.h" />
		<Unit filename="src/core/Core.cpp" />
		<Unit filename="src/core/Core.h" />
		<Unit filename="src/core/Def.h" />
		<Unit filename="src/core/ErrCode.h" />
		<Unit filename="src/core/MemPool.cpp" />
		<Unit filename="src/core/MemPool.h" />
		<Unit filename="src/utils/Converter.h" />
		<Unit filename="src/utils/Dir.cpp" />
		<Unit filename="src/utils/Dir.h" />
		<Unit filename="src/utils/Maths.h" />
		<Unit filename="src/utils/Random.cpp" />
		<Unit filename="src/utils/Random.h" />
		<Unit filename="src/utils/Stopwatch.cpp" />
		<Unit filename="src/utils/Stopwatch.h" />
		<Extensions>
			<code_completion />
			<envvars />
			<debugger />
		</Extensions>
	</Project>
</CodeBlocks_project_file>
